
Microsoft Visual Studio Solution File, Format Version 12.00
# Visual Studio Version 17
VisualStudioVersion = 17.4.33213.308
MinimumVisualStudioVersion = 10.0.40219.1
Project("{FAE04EC0-301F-11D3-BF4B-00C04F79EFBC}") = "I18NextEditor", "I18NextEditor.csproj", "{23B895D4-C8FC-4ABD-A0D1-9349AAA503B7}"
EndProject
Global
	GlobalSection(SolutionConfigurationPlatforms) = preSolution
		Debug|Any CPU = Debug|Any CPU
		Release|Any CPU = Release|Any CPU
	EndGlobalSection
	GlobalSection(ProjectConfigurationPlatforms) = postSolution
		{23B895D4-C8FC-4ABD-A0D1-9349AAA503B7}.Debug|Any CPU.ActiveCfg = Debug|Any CPU
		{23B895D4-C8FC-4ABD-A0D1-9349AAA503B7}.Debug|Any CPU.Build.0 = Debug|Any CPU
		{23B895D4-C8FC-4ABD-A0D1-9349AAA503B7}.Release|Any CPU.ActiveCfg = Release|Any CPU
		{23B895D4-C8FC-4ABD-A0D1-9349AAA503B7}.Release|Any CPU.Build.0 = Release|Any CPU
	EndGlobalSection
	GlobalSection(SolutionProperties) = preSolution
		HideSolutionNode = FALSE
	EndGlobalSection
	GlobalSection(ExtensibilityGlobals) = postSolution
		SolutionGuid = {57961A09-5ABE-4FF6-8635-DCD194B16450}
	EndGlobalSection
EndGlobal
